
Microsoft Visual Studio Solution File, Format Version 12.00
# Visual Studio 15
VisualStudioVersion = 15.0.27703.2035
MinimumVisualStudioVersion = 10.0.40219.1
Project("{9A19103F-16F7-4668-BE54-9A1E7A4F7556}") = "TomitaSharp", "TomitaSharp\TomitaSharp.csproj", "{5FEC22CE-427D-4D5A-BAA9-D88BBFEA84DA}"
EndProject
Project("{9A19103F-16F7-4668-BE54-9A1E7A4F7556}") = "TomitaSharp.Tests", "TomitaSharp.Tests\TomitaSharp.Tests.csproj", "{F2288303-2110-4B5B-8743-9DA3AE704CF1}"
EndProject
Global
	GlobalSection(SolutionConfigurationPlatforms) = preSolution
		Debug|Any CPU = Debug|Any CPU
		Release|Any CPU = Release|Any CPU
	EndGlobalSection
	GlobalSection(ProjectConfigurationPlatforms) = postSolution
		{5FEC22CE-427D-4D5A-BAA9-D88BBFEA84DA}.Debug|Any CPU.ActiveCfg = Debug|Any CPU
		{5FEC22CE-427D-4D5A-BAA9-D88BBFEA84DA}.Debug|Any CPU.Build.0 = Debug|Any CPU
		{5FEC22CE-427D-4D5A-BAA9-D88BBFEA84DA}.Release|Any CPU.ActiveCfg = Release|Any CPU
		{5FEC22CE-427D-4D5A-BAA9-D88BBFEA84DA}.Release|Any CPU.Build.0 = Release|Any CPU
		{F2288303-2110-4B5B-8743-9DA3AE704CF1}.Debug|Any CPU.ActiveCfg = Debug|Any CPU
		{F2288303-2110-4B5B-8743-9DA3AE704CF1}.Debug|Any CPU.Build.0 = Debug|Any CPU
		{F2288303-2110-4B5B-8743-9DA3AE704CF1}.Release|Any CPU.ActiveCfg = Release|Any CPU
		{F2288303-2110-4B5B-8743-9DA3AE704CF1}.Release|Any CPU.Build.0 = Release|Any CPU
	EndGlobalSection
	GlobalSection(SolutionProperties) = preSolution
		HideSolutionNode = FALSE
	EndGlobalSection
	GlobalSection(ExtensibilityGlobals) = postSolution
		SolutionGuid = {FBE7D72D-4D25-404B-9490-6DC2F6AA5010}
	EndGlobalSection
EndGlobal
